
Microsoft Visual Studio Solution File, Format Version 12.00
# Visual Studio Version 16
VisualStudioVersion = 16.0.29123.88
MinimumVisualStudioVersion = 10.0.40219.1
Project("{FAE04EC0-301F-11D3-BF4B-00C04F79EFBC}") = "OnlineShop", "OnlineShop\OnlineShop.csproj", "{777BDEBC-CCDE-44D2-9FE9-A4C9F462CA84}"
EndProject
Project("{FAE04EC0-301F-11D3-BF4B-00C04F79EFBC}") = "Models", "Models\Models.csproj", "{67FB489C-C604-4125-8B5E-C9D71ED2F939}"
EndProject
Global
	GlobalSection(SolutionConfigurationPlatforms) = preSolution
		Debug|Any CPU = Debug|Any CPU
		Release|Any CPU = Release|Any CPU
	EndGlobalSection
	GlobalSection(ProjectConfigurationPlatforms) = postSolution
		{777BDEBC-CCDE-44D2-9FE9-A4C9F462CA84}.Debug|Any CPU.ActiveCfg = Debug|Any CPU
		{777BDEBC-CCDE-44D2-9FE9-A4C9F462CA84}.Debug|Any CPU.Build.0 = Debug|Any CPU
		{777BDEBC-CCDE-44D2-9FE9-A4C9F462CA84}.Release|Any CPU.ActiveCfg = Release|Any CPU
		{777BDEBC-CCDE-44D2-9FE9-A4C9F462CA84}.Release|Any CPU.Build.0 = Release|Any CPU
		{67FB489C-C604-4125-8B5E-C9D71ED2F939}.Debug|Any CPU.ActiveCfg = Debug|Any CPU
		{67FB489C-C604-4125-8B5E-C9D71ED2F939}.Debug|Any CPU.Build.0 = Debug|Any CPU
		{67FB489C-C604-4125-8B5E-C9D71ED2F939}.Release|Any CPU.ActiveCfg = Release|Any CPU
		{67FB489C-C604-4125-8B5E-C9D71ED2F939}.Release|Any CPU.Build.0 = Release|Any CPU
	EndGlobalSection
	GlobalSection(SolutionProperties) = preSolution
		HideSolutionNode = FALSE
	EndGlobalSection
	GlobalSection(ExtensibilityGlobals) = postSolution
		SolutionGuid = {74C56081-B3C5-416C-8BE3-80C414FCFD7A}
	EndGlobalSection
EndGlobal
